// !$*UTF8*$!
{
	archiveVersion = 1;
	classes = {
	};
	objectVersion = 46;
	objects = {

/* Begin PBXBuildFile section */
		BF3A15B11DFEAA1F00CDFD73 /* {{args.Prefix}}TabBarController.m in Sources */ = {isa = PBXBuildFile; fileRef = BF3A15B01DFEAA1F00CDFD73 /* {{args.Prefix}}TabBarController.m */; };
		BF3A15BB1DFECE9C00CDFD73 /* {{args.Prefix}}SplashScreenController.m in Sources */ = {isa = PBXBuildFile; fileRef = BF3A15BA1DFECE9C00CDFD73 /* {{args.Prefix}}SplashScreenController.m */; };
		BF3A15C01DFF961800CDFD73 /* {{args.Prefix}}UserDataManager.m in Sources */ = {isa = PBXBuildFile; fileRef = BF3A15BF1DFF961800CDFD73 /* {{args.Prefix}}UserDataManager.m */; };
		BF3A15C31DFF9DDC00CDFD73 /* AppDelegate+Notifications.m in Sources */ = {isa = PBXBuildFile; fileRef = BF3A15C21DFF9DDC00CDFD73 /* AppDelegate+Notifications.m */; };
		BF401EB31DF5462C00CE31E0 /* main.m in Sources */ = {isa = PBXBuildFile; fileRef = BF401EB21DF5462C00CE31E0 /* main.m */; };
		BF401EBE1DF5462C00CE31E0 /* Assets.xcassets in Resources */ = {isa = PBXBuildFile; fileRef = BF401EBD1DF5462C00CE31E0 /* Assets.xcassets */; };
		BF401ED11DF5494A00CE31E0 /* AppDelegate.m in Sources */ = {isa = PBXBuildFile; fileRef = BF401ED01DF5494A00CE31E0 /* AppDelegate.m */; };
		BF401ED91DF54E1A00CE31E0 /* {{args.Prefix}}BaseViewController+{{args.Prefix}}CustomNavigationBar.m in Sources */ = {isa = PBXBuildFile; fileRef = BF401ED81DF54E1A00CE31E0 /* {{args.Prefix}}BaseViewController+{{args.Prefix}}CustomNavigationBar.m */; };
		BF401EDC1DF5534100CE31E0 /* {{args.Prefix}}CommonColors.m in Sources */ = {isa = PBXBuildFile; fileRef = BF401EDB1DF5534100CE31E0 /* {{args.Prefix}}CommonColors.m */; };
		BF401EDF1DF5585D00CE31E0 /* {{args.Prefix}}CommonSizes.m in Sources */ = {isa = PBXBuildFile; fileRef = BF401EDE1DF5585D00CE31E0 /* {{args.Prefix}}CommonSizes.m */; };
		BF401EE31DF65DC800CE31E0 /* {{args.Prefix}}NotificationCenter.m in Sources */ = {isa = PBXBuildFile; fileRef = BF401EE21DF65DC800CE31E0 /* {{args.Prefix}}NotificationCenter.m */; };
		BF401EE71DF6683600CE31E0 /* UIView+{{args.Prefix}}Line.m in Sources */ = {isa = PBXBuildFile; fileRef = BF401EE61DF6683600CE31E0 /* UIView+{{args.Prefix}}Line.m */; };
		BF401EEA1DF6B6A000CE31E0 /* UIView+{{args.Prefix}}Toast.m in Sources */ = {isa = PBXBuildFile; fileRef = BF401EE91DF6B6A000CE31E0 /* UIView+{{args.Prefix}}Toast.m */; };
		BF401EED1DF6B8B300CE31E0 /* {{args.Prefix}}AppConfigurations.m in Sources */ = {isa = PBXBuildFile; fileRef = BF401EEC1DF6B8B300CE31E0 /* {{args.Prefix}}AppConfigurations.m */; };
		BF55B0B41E4965C4008C7490 /* {{args.Prefix}}MineSettingCellDescribeData.m in Sources */ = {isa = PBXBuildFile; fileRef = BF55B0A11E4965C4008C7490 /* {{args.Prefix}}MineSettingCellDescribeData.m */; };
		BF55B0B51E4965C4008C7490 /* {{args.Prefix}}MineSettingCommonCell.m in Sources */ = {isa = PBXBuildFile; fileRef = BF55B0A31E4965C4008C7490 /* {{args.Prefix}}MineSettingCommonCell.m */; };
		BF55B0B61E4965C4008C7490 /* {{args.Prefix}}MineSettingController.m in Sources */ = {isa = PBXBuildFile; fileRef = BF55B0A51E4965C4008C7490 /* {{args.Prefix}}MineSettingController.m */; };
		BF55B0B71E4965C4008C7490 /* {{args.Prefix}}MineSettingFeedbackController.m in Sources */ = {isa = PBXBuildFile; fileRef = BF55B0A71E4965C4008C7490 /* {{args.Prefix}}MineSettingFeedbackController.m */; };
		BF55B0B81E4965C4008C7490 /* {{args.Prefix}}MineSettingLogoutCell.m in Sources */ = {isa = PBXBuildFile; fileRef = BF55B0A91E4965C4008C7490 /* {{args.Prefix}}MineSettingLogoutCell.m */; };
		BF55B0B91E4965C4008C7490 /* {{args.Prefix}}MineSettingSwitchCell.m in Sources */ = {isa = PBXBuildFile; fileRef = BF55B0AB1E4965C4008C7490 /* {{args.Prefix}}MineSettingSwitchCell.m */; };
		BF55B0BA1E4965C4008C7490 /* {{args.Prefix}}MineCellDescribeData.m in Sources */ = {isa = PBXBuildFile; fileRef = BF55B0AD1E4965C4008C7490 /* {{args.Prefix}}MineCellDescribeData.m */; };
		BF55B0BB1E4965C4008C7490 /* {{args.Prefix}}MineController.m in Sources */ = {isa = PBXBuildFile; fileRef = BF55B0AF1E4965C4008C7490 /* {{args.Prefix}}MineController.m */; };
		BF55B0BC1E4965C4008C7490 /* {{args.Prefix}}MineHeaderInfoCell.m in Sources */ = {isa = PBXBuildFile; fileRef = BF55B0B11E4965C4008C7490 /* {{args.Prefix}}MineHeaderInfoCell.m */; };
		BF55B0BD1E4965C4008C7490 /* {{args.Prefix}}MineOperationCell.m in Sources */ = {isa = PBXBuildFile; fileRef = BF55B0B31E4965C4008C7490 /* {{args.Prefix}}MineOperationCell.m */; };
		BF61F2291E02B57B00B6978B /* {{args.Prefix}}LoginInputView.m in Sources */ = {isa = PBXBuildFile; fileRef = BF61F2281E02B57B00B6978B /* {{args.Prefix}}LoginInputView.m */; };
		BF7B46401E02D8F000C054F7 /* {{args.Prefix}}LoginController.m in Sources */ = {isa = PBXBuildFile; fileRef = BF7B463F1E02D8F000C054F7 /* {{args.Prefix}}LoginController.m */; };
		BF7B46431E02DA7B00C054F7 /* {{args.Prefix}}ForgetPasswordController.m in Sources */ = {isa = PBXBuildFile; fileRef = BF7B46421E02DA7B00C054F7 /* {{args.Prefix}}ForgetPasswordController.m */; };
		BF7B46461E02DB0C00C054F7 /* {{args.Prefix}}RegisterController.m in Sources */ = {isa = PBXBuildFile; fileRef = BF7B46451E02DB0C00C054F7 /* {{args.Prefix}}RegisterController.m */; };
		BF82CA651DF901CA0016C818 /* {{args.Prefix}}LoadingEmptyView.m in Sources */ = {isa = PBXBuildFile; fileRef = BF82CA641DF901CA0016C818 /* {{args.Prefix}}LoadingEmptyView.m */; };
		BF82CA681DF909BE0016C818 /* {{args.Prefix}}CommonStyleViews.m in Sources */ = {isa = PBXBuildFile; fileRef = BF82CA671DF909BE0016C818 /* {{args.Prefix}}CommonStyleViews.m */; };
		BF82CA6B1DF93DE70016C818 /* {{args.Prefix}}LoadingErrorView.m in Sources */ = {isa = PBXBuildFile; fileRef = BF82CA6A1DF93DE70016C818 /* {{args.Prefix}}LoadingErrorView.m */; };
		BF82CA6E1DF95F980016C818 /* {{args.Prefix}}LoadingView.m in Sources */ = {isa = PBXBuildFile; fileRef = BF82CA6D1DF95F980016C818 /* {{args.Prefix}}LoadingView.m */; };
		BF82CA711DF9692E0016C818 /* {{args.Prefix}}NoMoreDataFooterView.m in Sources */ = {isa = PBXBuildFile; fileRef = BF82CA701DF9692E0016C818 /* {{args.Prefix}}NoMoreDataFooterView.m */; };
		BF82CA7E1DFA4A520016C818 /* {{args.Prefix}}LoadmoreView.m in Sources */ = {isa = PBXBuildFile; fileRef = BF82CA7D1DFA4A520016C818 /* {{args.Prefix}}LoadmoreView.m */; };
		BF82CA811DFA50E50016C818 /* {{args.Prefix}}RefreshView.m in Sources */ = {isa = PBXBuildFile; fileRef = BF82CA801DFA50E50016C818 /* {{args.Prefix}}RefreshView.m */; };
		BF82CA841DFA5B7F0016C818 /* {{args.Prefix}}TableViewGapCell.m in Sources */ = {isa = PBXBuildFile; fileRef = BF82CA831DFA5B7F0016C818 /* {{args.Prefix}}TableViewGapCell.m */; };
		BF82CA871DFA65EA0016C818 /* {{args.Prefix}}NetworkStatusModel.m in Sources */ = {isa = PBXBuildFile; fileRef = BF82CA861DFA65EA0016C818 /* {{args.Prefix}}NetworkStatusModel.m */; };
		BF82CA8A1DFA8F0B0016C818 /* {{args.Prefix}}NetworkConfig.m in Sources */ = {isa = PBXBuildFile; fileRef = BF82CA891DFA8F0B0016C818 /* {{args.Prefix}}NetworkConfig.m */; };
		BF82CA8D1DFAA7700016C818 /* RKMappingResult+{{args.Prefix}}NetworkResultMapping.m in Sources */ = {isa = PBXBuildFile; fileRef = BF82CA8C1DFAA7700016C818 /* RKMappingResult+{{args.Prefix}}NetworkResultMapping.m */; };
		BF82CA901DFAB7F30016C818 /* UIView+{{args.Prefix}}Loading.m in Sources */ = {isa = PBXBuildFile; fileRef = BF82CA8F1DFAB7F30016C818 /* UIView+{{args.Prefix}}Loading.m */; };
		BF82CA931DFE5DBD0016C818 /* {{args.Prefix}}BaseViewController.m in Sources */ = {isa = PBXBuildFile; fileRef = BF82CA921DFE5DBD0016C818 /* {{args.Prefix}}BaseViewController.m */; };
		BF82CA961DFE7E820016C818 /* {{args.Prefix}}TabBarItem.m in Sources */ = {isa = PBXBuildFile; fileRef = BF82CA951DFE7E820016C818 /* {{args.Prefix}}TabBarItem.m */; };
		BF9087C01DF7F2F0000F0D26 /* {{args.Prefix}}KeyboardSequence.m in Sources */ = {isa = PBXBuildFile; fileRef = BF9087BF1DF7F2F0000F0D26 /* {{args.Prefix}}KeyboardSequence.m */; };
		BFD79F331E1B790B00084544 /* {{args.Prefix}}PagingListCellModel.m in Sources */ = {isa = PBXBuildFile; fileRef = BFD79F321E1B790B00084544 /* {{args.Prefix}}PagingListCellModel.m */; };
		BFE9ECD21E00E39E00DD6CED /* {{args.Prefix}}PagingListCell.m in Sources */ = {isa = PBXBuildFile; fileRef = BFE9ECCC1E00E39E00DD6CED /* {{args.Prefix}}PagingListCell.m */; };
		BFE9ECD31E00E39E00DD6CED /* {{args.Prefix}}PagingListController.m in Sources */ = {isa = PBXBuildFile; fileRef = BFE9ECCE1E00E39E00DD6CED /* {{args.Prefix}}PagingListController.m */; };
		BFE9ECE61E011CC300DD6CED /* NSObject+{{args.Prefix}}BaseRequest.m in Sources */ = {isa = PBXBuildFile; fileRef = BFE9ECE51E011CC300DD6CED /* NSObject+{{args.Prefix}}BaseRequest.m */; };
		D22812131E7BC5D800C42E2E /* {{args.Prefix}}WebLoadingView.m in Sources */ = {isa = PBXBuildFile; fileRef = D22812101E7BC5D800C42E2E /* {{args.Prefix}}WebLoadingView.m */; };
		D22812141E7BC5D800C42E2E /* {{args.Prefix}}WebViewController.m in Sources */ = {isa = PBXBuildFile; fileRef = D22812121E7BC5D800C42E2E /* {{args.Prefix}}WebViewController.m */; };
		D22812171E7BD5A900C42E2E /* {{args.Prefix}}ActivityIndicator.m in Sources */ = {isa = PBXBuildFile; fileRef = D22812161E7BD5A900C42E2E /* {{args.Prefix}}ActivityIndicator.m */; };
		D2B6D14C1E4AF1FF00D5583A /* CopyMockFiles.sh in Resources */ = {isa = PBXBuildFile; fileRef = D2B6D14B1E4AF1FF00D5583A /* CopyMockFiles.sh */; };
		D2B6D1561E4B052500D5583A /* {{args.Prefix}}Demo.json in Resources */ = {isa = PBXBuildFile; fileRef = D2B6D1551E4B052500D5583A /* {{args.Prefix}}Demo.json */; };
		D2B6D15C1E4B069B00D5583A /* {{args.Prefix}}DemoModel.m in Sources */ = {isa = PBXBuildFile; fileRef = D2B6D1591E4B069B00D5583A /* {{args.Prefix}}DemoModel.m */; };
		D2B6D15D1E4B069B00D5583A /* {{args.Prefix}}DemoRequest.m in Sources */ = {isa = PBXBuildFile; fileRef = D2B6D15B1E4B069B00D5583A /* {{args.Prefix}}DemoRequest.m */; };
/* End PBXBuildFile section */

/* Begin PBXFileReference section */
		BF3A15AF1DFEAA1F00CDFD73 /* {{args.Prefix}}TabBarController.h */ = {isa = PBXFileReference; fileEncoding = 4; lastKnownFileType = sourcecode.c.h; path = "{{args.Prefix}}TabBarController.h"; sourceTree = "<group>"; };
		BF3A15B01DFEAA1F00CDFD73 /* {{args.Prefix}}TabBarController.m */ = {isa = PBXFileReference; fileEncoding = 4; lastKnownFileType = sourcecode.c.objc; path = "{{args.Prefix}}TabBarController.m"; sourceTree = "<group>"; };
		BF3A15B91DFECE9C00CDFD73 /* {{args.Prefix}}SplashScreenController.h */ = {isa = PBXFileReference; fileEncoding = 4; lastKnownFileType = sourcecode.c.h; path = "{{args.Prefix}}SplashScreenController.h"; sourceTree = "<group>"; };
		BF3A15BA1DFECE9C00CDFD73 /* {{args.Prefix}}SplashScreenController.m */ = {isa = PBXFileReference; fileEncoding = 4; lastKnownFileType = sourcecode.c.objc; path = "{{args.Prefix}}SplashScreenController.m"; sourceTree = "<group>"; };
		BF3A15BE1DFF961800CDFD73 /* {{args.Prefix}}UserDataManager.h */ = {isa = PBXFileReference; fileEncoding = 4; lastKnownFileType = sourcecode.c.h; path = "{{args.Prefix}}UserDataManager.h"; sourceTree = "<group>"; };
		BF3A15BF1DFF961800CDFD73 /* {{args.Prefix}}UserDataManager.m */ = {isa = PBXFileReference; fileEncoding = 4; lastKnownFileType = sourcecode.c.objc; path = "{{args.Prefix}}UserDataManager.m"; sourceTree = "<group>"; };
		BF3A15C11DFF9DDC00CDFD73 /* AppDelegate+Notifications.h */ = {isa = PBXFileReference; fileEncoding = 4; lastKnownFileType = sourcecode.c.h; path = "AppDelegate+Notifications.h"; sourceTree = "<group>"; };
		BF3A15C21DFF9DDC00CDFD73 /* AppDelegate+Notifications.m */ = {isa = PBXFileReference; fileEncoding = 4; lastKnownFileType = sourcecode.c.objc; path = "AppDelegate+Notifications.m"; sourceTree = "<group>"; };
		BF401EAE1DF5462C00CE31E0 /* {{args.ProductName}}.app */ = {isa = PBXFileReference; explicitFileType = wrapper.application; includeInIndex = 0; path = "{{args.ProductName}}.app"; sourceTree = BUILT_PRODUCTS_DIR; };
		BF401EB21DF5462C00CE31E0 /* main.m */ = {isa = PBXFileReference; lastKnownFileType = sourcecode.c.objc; path = main.m; sourceTree = "<group>"; };
		BF401EBD1DF5462C00CE31E0 /* Assets.xcassets */ = {isa = PBXFileReference; lastKnownFileType = folder.assetcatalog; path = Assets.xcassets; sourceTree = "<group>"; };
		BF401EC21DF5462C00CE31E0 /* Info.plist */ = {isa = PBXFileReference; lastKnownFileType = text.plist.xml; path = Info.plist; sourceTree = "<group>"; };
		BF401ECF1DF5494A00CE31E0 /* AppDelegate.h */ = {isa = PBXFileReference; fileEncoding = 4; lastKnownFileType = sourcecode.c.h; path = AppDelegate.h; sourceTree = "<group>"; };
		BF401ED01DF5494A00CE31E0 /* AppDelegate.m */ = {isa = PBXFileReference; fileEncoding = 4; lastKnownFileType = sourcecode.c.objc; path = AppDelegate.m; sourceTree = "<group>"; };
		BF401ED41DF54AF900CE31E0 /* {{args.Prefix}}GlobalEnums.h */ = {isa = PBXFileReference; fileEncoding = 4; lastKnownFileType = sourcecode.c.h; path = "{{args.Prefix}}GlobalEnums.h"; sourceTree = "<group>"; };
		BF401ED71DF54E1A00CE31E0 /* {{args.Prefix}}BaseViewController+{{args.Prefix}}CustomNavigationBar.h */ = {isa = PBXFileReference; fileEncoding = 4; lastKnownFileType = sourcecode.c.h; path = "{{args.Prefix}}BaseViewController+{{args.Prefix}}CustomNavigationBar.h"; sourceTree = "<group>"; };
		BF401ED81DF54E1A00CE31E0 /* {{args.Prefix}}BaseViewController+{{args.Prefix}}CustomNavigationBar.m */ = {isa = PBXFileReference; fileEncoding = 4; lastKnownFileType = sourcecode.c.objc; path = "{{args.Prefix}}BaseViewController+{{args.Prefix}}CustomNavigationBar.m"; sourceTree = "<group>"; };
		BF401EDA1DF5534100CE31E0 /* {{args.Prefix}}CommonColors.h */ = {isa = PBXFileReference; fileEncoding = 4; lastKnownFileType = sourcecode.c.h; path = "{{args.Prefix}}CommonColors.h"; sourceTree = "<group>"; };
		BF401EDB1DF5534100CE31E0 /* {{args.Prefix}}CommonColors.m */ = {isa = PBXFileReference; fileEncoding = 4; lastKnownFileType = sourcecode.c.objc; path = "{{args.Prefix}}CommonColors.m"; sourceTree = "<group>"; };
		BF401EDD1DF5585D00CE31E0 /* {{args.Prefix}}CommonSizes.h */ = {isa = PBXFileReference; fileEncoding = 4; lastKnownFileType = sourcecode.c.h; path = "{{args.Prefix}}CommonSizes.h"; sourceTree = "<group>"; };
		BF401EDE1DF5585D00CE31E0 /* {{args.Prefix}}CommonSizes.m */ = {isa = PBXFileReference; fileEncoding = 4; lastKnownFileType = sourcecode.c.objc; path = "{{args.Prefix}}CommonSizes.m"; sourceTree = "<group>"; };
		BF401EE01DF55FDD00CE31E0 /* PrefixHeader.pch */ = {isa = PBXFileReference; lastKnownFileType = sourcecode.c.h; path = PrefixHeader.pch; sourceTree = "<group>"; };
		BF401EE11DF65DC800CE31E0 /* {{args.Prefix}}NotificationCenter.h */ = {isa = PBXFileReference; fileEncoding = 4; lastKnownFileType = sourcecode.c.h; path = "{{args.Prefix}}NotificationCenter.h"; sourceTree = "<group>"; };
		BF401EE21DF65DC800CE31E0 /* {{args.Prefix}}NotificationCenter.m */ = {isa = PBXFileReference; fileEncoding = 4; lastKnownFileType = sourcecode.c.objc; path = "{{args.Prefix}}NotificationCenter.m"; sourceTree = "<group>"; };
		BF401EE41DF6650200CE31E0 /* {{args.Prefix}}Macros.h */ = {isa = PBXFileReference; lastKnownFileType = sourcecode.c.h; path = "{{args.Prefix}}Macros.h"; sourceTree = "<group>"; };
		BF401EE51DF6683600CE31E0 /* UIView+{{args.Prefix}}Line.h */ = {isa = PBXFileReference; fileEncoding = 4; lastKnownFileType = sourcecode.c.h; path = "UIView+{{args.Prefix}}Line.h"; sourceTree = "<group>"; };
		BF401EE61DF6683600CE31E0 /* UIView+{{args.Prefix}}Line.m */ = {isa = PBXFileReference; fileEncoding = 4; lastKnownFileType = sourcecode.c.objc; path = "UIView+{{args.Prefix}}Line.m"; sourceTree = "<group>"; };
		BF401EE81DF6B6A000CE31E0 /* UIView+{{args.Prefix}}Toast.h */ = {isa = PBXFileReference; fileEncoding = 4; lastKnownFileType = sourcecode.c.h; path = "UIView+{{args.Prefix}}Toast.h"; sourceTree = "<group>"; };
		BF401EE91DF6B6A000CE31E0 /* UIView+{{args.Prefix}}Toast.m */ = {isa = PBXFileReference; fileEncoding = 4; lastKnownFileType = sourcecode.c.objc; path = "UIView+{{args.Prefix}}Toast.m"; sourceTree = "<group>"; };
		BF401EEB1DF6B8B300CE31E0 /* {{args.Prefix}}AppConfigurations.h */ = {isa = PBXFileReference; fileEncoding = 4; lastKnownFileType = sourcecode.c.h; path = "{{args.Prefix}}AppConfigurations.h"; sourceTree = "<group>"; };
		BF401EEC1DF6B8B300CE31E0 /* {{args.Prefix}}AppConfigurations.m */ = {isa = PBXFileReference; fileEncoding = 4; lastKnownFileType = sourcecode.c.objc; path = "{{args.Prefix}}AppConfigurations.m"; sourceTree = "<group>"; };
		BF55B0A01E4965C4008C7490 /* {{args.Prefix}}MineSettingCellDescribeData.h */ = {isa = PBXFileReference; fileEncoding = 4; lastKnownFileType = sourcecode.c.h; path = "{{args.Prefix}}MineSettingCellDescribeData.h"; sourceTree = "<group>"; };
		BF55B0A11E4965C4008C7490 /* {{args.Prefix}}MineSettingCellDescribeData.m */ = {isa = PBXFileReference; fileEncoding = 4; lastKnownFileType = sourcecode.c.objc; path = "{{args.Prefix}}MineSettingCellDescribeData.m"; sourceTree = "<group>"; };
		BF55B0A21E4965C4008C7490 /* {{args.Prefix}}MineSettingCommonCell.h */ = {isa = PBXFileReference; fileEncoding = 4; lastKnownFileType = sourcecode.c.h; path = "{{args.Prefix}}MineSettingCommonCell.h"; sourceTree = "<group>"; };
		BF55B0A31E4965C4008C7490 /* {{args.Prefix}}MineSettingCommonCell.m */ = {isa = PBXFileReference; fileEncoding = 4; lastKnownFileType = sourcecode.c.objc; path = "{{args.Prefix}}MineSettingCommonCell.m"; sourceTree = "<group>"; };
		BF55B0A41E4965C4008C7490 /* {{args.Prefix}}MineSettingController.h */ = {isa = PBXFileReference; fileEncoding = 4; lastKnownFileType = sourcecode.c.h; path = "{{args.Prefix}}MineSettingController.h"; sourceTree = "<group>"; };
		BF55B0A51E4965C4008C7490 /* {{args.Prefix}}MineSettingController.m */ = {isa = PBXFileReference; fileEncoding = 4; lastKnownFileType = sourcecode.c.objc; path = "{{args.Prefix}}MineSettingController.m"; sourceTree = "<group>"; };
		BF55B0A61E4965C4008C7490 /* {{args.Prefix}}MineSettingFeedbackController.h */ = {isa = PBXFileReference; fileEncoding = 4; lastKnownFileType = sourcecode.c.h; path = "{{args.Prefix}}MineSettingFeedbackController.h"; sourceTree = "<group>"; };
		BF55B0A71E4965C4008C7490 /* {{args.Prefix}}MineSettingFeedbackController.m */ = {isa = PBXFileReference; fileEncoding = 4; lastKnownFileType = sourcecode.c.objc; path = "{{args.Prefix}}MineSettingFeedbackController.m"; sourceTree = "<group>"; };
		BF55B0A81E4965C4008C7490 /* {{args.Prefix}}MineSettingLogoutCell.h */ = {isa = PBXFileReference; fileEncoding = 4; lastKnownFileType = sourcecode.c.h; path = "{{args.Prefix}}MineSettingLogoutCell.h"; sourceTree = "<group>"; };
		BF55B0A91E4965C4008C7490 /* {{args.Prefix}}MineSettingLogoutCell.m */ = {isa = PBXFileReference; fileEncoding = 4; lastKnownFileType = sourcecode.c.objc; path = "{{args.Prefix}}MineSettingLogoutCell.m"; sourceTree = "<group>"; };
		BF55B0AA1E4965C4008C7490 /* {{args.Prefix}}MineSettingSwitchCell.h */ = {isa = PBXFileReference; fileEncoding = 4; lastKnownFileType = sourcecode.c.h; path = "{{args.Prefix}}MineSettingSwitchCell.h"; sourceTree = "<group>"; };
		BF55B0AB1E4965C4008C7490 /* {{args.Prefix}}MineSettingSwitchCell.m */ = {isa = PBXFileReference; fileEncoding = 4; lastKnownFileType = sourcecode.c.objc; path = "{{args.Prefix}}MineSettingSwitchCell.m"; sourceTree = "<group>"; };
		BF55B0AC1E4965C4008C7490 /* {{args.Prefix}}MineCellDescribeData.h */ = {isa = PBXFileReference; fileEncoding = 4; lastKnownFileType = sourcecode.c.h; path = "{{args.Prefix}}MineCellDescribeData.h"; sourceTree = "<group>"; };
		BF55B0AD1E4965C4008C7490 /* {{args.Prefix}}MineCellDescribeData.m */ = {isa = PBXFileReference; fileEncoding = 4; lastKnownFileType = sourcecode.c.objc; path = "{{args.Prefix}}MineCellDescribeData.m"; sourceTree = "<group>"; };
		BF55B0AE1E4965C4008C7490 /* {{args.Prefix}}MineController.h */ = {isa = PBXFileReference; fileEncoding = 4; lastKnownFileType = sourcecode.c.h; path = "{{args.Prefix}}MineController.h"; sourceTree = "<group>"; };
		BF55B0AF1E4965C4008C7490 /* {{args.Prefix}}MineController.m */ = {isa = PBXFileReference; fileEncoding = 4; lastKnownFileType = sourcecode.c.objc; path = "{{args.Prefix}}MineController.m"; sourceTree = "<group>"; };
		BF55B0B01E4965C4008C7490 /* {{args.Prefix}}MineHeaderInfoCell.h */ = {isa = PBXFileReference; fileEncoding = 4; lastKnownFileType = sourcecode.c.h; path = "{{args.Prefix}}MineHeaderInfoCell.h"; sourceTree = "<group>"; };
		BF55B0B11E4965C4008C7490 /* {{args.Prefix}}MineHeaderInfoCell.m */ = {isa = PBXFileReference; fileEncoding = 4; lastKnownFileType = sourcecode.c.objc; path = "{{args.Prefix}}MineHeaderInfoCell.m"; sourceTree = "<group>"; };
		BF55B0B21E4965C4008C7490 /* {{args.Prefix}}MineOperationCell.h */ = {isa = PBXFileReference; fileEncoding = 4; lastKnownFileType = sourcecode.c.h; path = "{{args.Prefix}}MineOperationCell.h"; sourceTree = "<group>"; };
		BF55B0B31E4965C4008C7490 /* {{args.Prefix}}MineOperationCell.m */ = {isa = PBXFileReference; fileEncoding = 4; lastKnownFileType = sourcecode.c.objc; path = "{{args.Prefix}}MineOperationCell.m"; sourceTree = "<group>"; };
		BF61F2271E02B57B00B6978B /* {{args.Prefix}}LoginInputView.h */ = {isa = PBXFileReference; fileEncoding = 4; lastKnownFileType = sourcecode.c.h; path = "{{args.Prefix}}LoginInputView.h"; sourceTree = "<group>"; };
		BF61F2281E02B57B00B6978B /* {{args.Prefix}}LoginInputView.m */ = {isa = PBXFileReference; fileEncoding = 4; lastKnownFileType = sourcecode.c.objc; path = "{{args.Prefix}}LoginInputView.m"; sourceTree = "<group>"; };
		BF7B463E1E02D8F000C054F7 /* {{args.Prefix}}LoginController.h */ = {isa = PBXFileReference; fileEncoding = 4; lastKnownFileType = sourcecode.c.h; path = "{{args.Prefix}}LoginController.h"; sourceTree = "<group>"; };
		BF7B463F1E02D8F000C054F7 /* {{args.Prefix}}LoginController.m */ = {isa = PBXFileReference; fileEncoding = 4; lastKnownFileType = sourcecode.c.objc; path = "{{args.Prefix}}LoginController.m"; sourceTree = "<group>"; };
		BF7B46411E02DA7B00C054F7 /* {{args.Prefix}}ForgetPasswordController.h */ = {isa = PBXFileReference; fileEncoding = 4; lastKnownFileType = sourcecode.c.h; path = "{{args.Prefix}}ForgetPasswordController.h"; sourceTree = "<group>"; };
		BF7B46421E02DA7B00C054F7 /* {{args.Prefix}}ForgetPasswordController.m */ = {isa = PBXFileReference; fileEncoding = 4; lastKnownFileType = sourcecode.c.objc; path = "{{args.Prefix}}ForgetPasswordController.m"; sourceTree = "<group>"; };
		BF7B46441E02DB0C00C054F7 /* {{args.Prefix}}RegisterController.h */ = {isa = PBXFileReference; fileEncoding = 4; lastKnownFileType = sourcecode.c.h; path = "{{args.Prefix}}RegisterController.h"; sourceTree = "<group>"; };
		BF7B46451E02DB0C00C054F7 /* {{args.Prefix}}RegisterController.m */ = {isa = PBXFileReference; fileEncoding = 4; lastKnownFileType = sourcecode.c.objc; path = "{{args.Prefix}}RegisterController.m"; sourceTree = "<group>"; };
		BF82CA631DF901CA0016C818 /* {{args.Prefix}}LoadingEmptyView.h */ = {isa = PBXFileReference; fileEncoding = 4; lastKnownFileType = sourcecode.c.h; path = "{{args.Prefix}}LoadingEmptyView.h"; sourceTree = "<group>"; };
		BF82CA641DF901CA0016C818 /* {{args.Prefix}}LoadingEmptyView.m */ = {isa = PBXFileReference; fileEncoding = 4; lastKnownFileType = sourcecode.c.objc; path = "{{args.Prefix}}LoadingEmptyView.m"; sourceTree = "<group>"; };
		BF82CA661DF909BE0016C818 /* {{args.Prefix}}CommonStyleViews.h */ = {isa = PBXFileReference; fileEncoding = 4; lastKnownFileType = sourcecode.c.h; path = "{{args.Prefix}}CommonStyleViews.h"; sourceTree = "<group>"; };
		BF82CA671DF909BE0016C818 /* {{args.Prefix}}CommonStyleViews.m */ = {isa = PBXFileReference; fileEncoding = 4; lastKnownFileType = sourcecode.c.objc; path = "{{args.Prefix}}CommonStyleViews.m"; sourceTree = "<group>"; };
		BF82CA691DF93DE70016C818 /* {{args.Prefix}}LoadingErrorView.h */ = {isa = PBXFileReference; fileEncoding = 4; lastKnownFileType = sourcecode.c.h; path = "{{args.Prefix}}LoadingErrorView.h"; sourceTree = "<group>"; };
		BF82CA6A1DF93DE70016C818 /* {{args.Prefix}}LoadingErrorView.m */ = {isa = PBXFileReference; fileEncoding = 4; lastKnownFileType = sourcecode.c.objc; path = "{{args.Prefix}}LoadingErrorView.m"; sourceTree = "<group>"; };
		BF82CA6C1DF95F980016C818 /* {{args.Prefix}}LoadingView.h */ = {isa = PBXFileReference; fileEncoding = 4; lastKnownFileType = sourcecode.c.h; path = "{{args.Prefix}}LoadingView.h"; sourceTree = "<group>"; };
		BF82CA6D1DF95F980016C818 /* {{args.Prefix}}LoadingView.m */ = {isa = PBXFileReference; fileEncoding = 4; lastKnownFileType = sourcecode.c.objc; path = "{{args.Prefix}}LoadingView.m"; sourceTree = "<group>"; };
		BF82CA6F1DF9692E0016C818 /* {{args.Prefix}}NoMoreDataFooterView.h */ = {isa = PBXFileReference; fileEncoding = 4; lastKnownFileType = sourcecode.c.h; path = "{{args.Prefix}}NoMoreDataFooterView.h"; sourceTree = "<group>"; };
		BF82CA701DF9692E0016C818 /* {{args.Prefix}}NoMoreDataFooterView.m */ = {isa = PBXFileReference; fileEncoding = 4; lastKnownFileType = sourcecode.c.objc; path = "{{args.Prefix}}NoMoreDataFooterView.m"; sourceTree = "<group>"; };
		BF82CA7C1DFA4A520016C818 /* {{args.Prefix}}LoadmoreView.h */ = {isa = PBXFileReference; fileEncoding = 4; lastKnownFileType = sourcecode.c.h; path = "{{args.Prefix}}LoadmoreView.h"; sourceTree = "<group>"; };
		BF82CA7D1DFA4A520016C818 /* {{args.Prefix}}LoadmoreView.m */ = {isa = PBXFileReference; fileEncoding = 4; lastKnownFileType = sourcecode.c.objc; path = "{{args.Prefix}}LoadmoreView.m"; sourceTree = "<group>"; };
		BF82CA7F1DFA50E50016C818 /* {{args.Prefix}}RefreshView.h */ = {isa = PBXFileReference; fileEncoding = 4; lastKnownFileType = sourcecode.c.h; path = "{{args.Prefix}}RefreshView.h"; sourceTree = "<group>"; };
		BF82CA801DFA50E50016C818 /* {{args.Prefix}}RefreshView.m */ = {isa = PBXFileReference; fileEncoding = 4; lastKnownFileType = sourcecode.c.objc; path = "{{args.Prefix}}RefreshView.m"; sourceTree = "<group>"; };
		BF82CA821DFA5B7F0016C818 /* {{args.Prefix}}TableViewGapCell.h */ = {isa = PBXFileReference; fileEncoding = 4; lastKnownFileType = sourcecode.c.h; path = "{{args.Prefix}}TableViewGapCell.h"; sourceTree = "<group>"; };
		BF82CA831DFA5B7F0016C818 /* {{args.Prefix}}TableViewGapCell.m */ = {isa = PBXFileReference; fileEncoding = 4; lastKnownFileType = sourcecode.c.objc; path = "{{args.Prefix}}TableViewGapCell.m"; sourceTree = "<group>"; };
		BF82CA851DFA65EA0016C818 /* {{args.Prefix}}NetworkStatusModel.h */ = {isa = PBXFileReference; fileEncoding = 4; lastKnownFileType = sourcecode.c.h; path = "{{args.Prefix}}NetworkStatusModel.h"; sourceTree = "<group>"; };
		BF82CA861DFA65EA0016C818 /* {{args.Prefix}}NetworkStatusModel.m */ = {isa = PBXFileReference; fileEncoding = 4; lastKnownFileType = sourcecode.c.objc; path = "{{args.Prefix}}NetworkStatusModel.m"; sourceTree = "<group>"; };
		BF82CA881DFA8F0B0016C818 /* {{args.Prefix}}NetworkConfig.h */ = {isa = PBXFileReference; fileEncoding = 4; lastKnownFileType = sourcecode.c.h; path = "{{args.Prefix}}NetworkConfig.h"; sourceTree = "<group>"; };
		BF82CA891DFA8F0B0016C818 /* {{args.Prefix}}NetworkConfig.m */ = {isa = PBXFileReference; fileEncoding = 4; lastKnownFileType = sourcecode.c.objc; path = "{{args.Prefix}}NetworkConfig.m"; sourceTree = "<group>"; };
		BF82CA8B1DFAA7700016C818 /* RKMappingResult+{{args.Prefix}}NetworkResultMapping.h */ = {isa = PBXFileReference; fileEncoding = 4; lastKnownFileType = sourcecode.c.h; path = "RKMappingResult+{{args.Prefix}}NetworkResultMapping.h"; sourceTree = "<group>"; };
		BF82CA8C1DFAA7700016C818 /* RKMappingResult+{{args.Prefix}}NetworkResultMapping.m */ = {isa = PBXFileReference; fileEncoding = 4; lastKnownFileType = sourcecode.c.objc; path = "RKMappingResult+{{args.Prefix}}NetworkResultMapping.m"; sourceTree = "<group>"; };
		BF82CA8E1DFAB7F30016C818 /* UIView+{{args.Prefix}}Loading.h */ = {isa = PBXFileReference; fileEncoding = 4; lastKnownFileType = sourcecode.c.h; path = "UIView+{{args.Prefix}}Loading.h"; sourceTree = "<group>"; };
		BF82CA8F1DFAB7F30016C818 /* UIView+{{args.Prefix}}Loading.m */ = {isa = PBXFileReference; fileEncoding = 4; lastKnownFileType = sourcecode.c.objc; path = "UIView+{{args.Prefix}}Loading.m"; sourceTree = "<group>"; };
		BF82CA911DFE5DBD0016C818 /* {{args.Prefix}}BaseViewController.h */ = {isa = PBXFileReference; fileEncoding = 4; lastKnownFileType = sourcecode.c.h; path = "{{args.Prefix}}BaseViewController.h"; sourceTree = "<group>"; };
		BF82CA921DFE5DBD0016C818 /* {{args.Prefix}}BaseViewController.m */ = {isa = PBXFileReference; fileEncoding = 4; lastKnownFileType = sourcecode.c.objc; path = "{{args.Prefix}}BaseViewController.m"; sourceTree = "<group>"; };
		BF82CA941DFE7E820016C818 /* {{args.Prefix}}TabBarItem.h */ = {isa = PBXFileReference; fileEncoding = 4; lastKnownFileType = sourcecode.c.h; path = "{{args.Prefix}}TabBarItem.h"; sourceTree = "<group>"; };
		BF82CA951DFE7E820016C818 /* {{args.Prefix}}TabBarItem.m */ = {isa = PBXFileReference; fileEncoding = 4; lastKnownFileType = sourcecode.c.objc; path = "{{args.Prefix}}TabBarItem.m"; sourceTree = "<group>"; };
		BF9087BE1DF7F2F0000F0D26 /* {{args.Prefix}}KeyboardSequence.h */ = {isa = PBXFileReference; fileEncoding = 4; lastKnownFileType = sourcecode.c.h; path = "{{args.Prefix}}KeyboardSequence.h"; sourceTree = "<group>"; };
		BF9087BF1DF7F2F0000F0D26 /* {{args.Prefix}}KeyboardSequence.m */ = {isa = PBXFileReference; fileEncoding = 4; lastKnownFileType = sourcecode.c.objc; path = "{{args.Prefix}}KeyboardSequence.m"; sourceTree = "<group>"; };
		BFD79F311E1B790B00084544 /* {{args.Prefix}}PagingListCellModel.h */ = {isa = PBXFileReference; fileEncoding = 4; lastKnownFileType = sourcecode.c.h; path = "{{args.Prefix}}PagingListCellModel.h"; sourceTree = "<group>"; };
		BFD79F321E1B790B00084544 /* {{args.Prefix}}PagingListCellModel.m */ = {isa = PBXFileReference; fileEncoding = 4; lastKnownFileType = sourcecode.c.objc; path = "{{args.Prefix}}PagingListCellModel.m"; sourceTree = "<group>"; };
		BFE9ECCB1E00E39E00DD6CED /* {{args.Prefix}}PagingListCell.h */ = {isa = PBXFileReference; fileEncoding = 4; lastKnownFileType = sourcecode.c.h; path = "{{args.Prefix}}PagingListCell.h"; sourceTree = "<group>"; };
		BFE9ECCC1E00E39E00DD6CED /* {{args.Prefix}}PagingListCell.m */ = {isa = PBXFileReference; fileEncoding = 4; lastKnownFileType = sourcecode.c.objc; path = "{{args.Prefix}}PagingListCell.m"; sourceTree = "<group>"; };
		BFE9ECCD1E00E39E00DD6CED /* {{args.Prefix}}PagingListController.h */ = {isa = PBXFileReference; fileEncoding = 4; lastKnownFileType = sourcecode.c.h; path = "{{args.Prefix}}PagingListController.h"; sourceTree = "<group>"; };
		BFE9ECCE1E00E39E00DD6CED /* {{args.Prefix}}PagingListController.m */ = {isa = PBXFileReference; fileEncoding = 4; lastKnownFileType = sourcecode.c.objc; path = "{{args.Prefix}}PagingListController.m"; sourceTree = "<group>"; };
		BFE9ECE41E011CC300DD6CED /* NSObject+{{args.Prefix}}BaseRequest.h */ = {isa = PBXFileReference; fileEncoding = 4; lastKnownFileType = sourcecode.c.h; path = "NSObject+{{args.Prefix}}BaseRequest.h"; sourceTree = "<group>"; };
		BFE9ECE51E011CC300DD6CED /* NSObject+{{args.Prefix}}BaseRequest.m */ = {isa = PBXFileReference; fileEncoding = 4; lastKnownFileType = sourcecode.c.objc; path = "NSObject+{{args.Prefix}}BaseRequest.m"; sourceTree = "<group>"; };
		D228120F1E7BC5D800C42E2E /* {{args.Prefix}}WebLoadingView.h */ = {isa = PBXFileReference; fileEncoding = 4; lastKnownFileType = sourcecode.c.h; name = "{{args.Prefix}}WebLoadingView.h"; path = "WebView/{{args.Prefix}}WebLoadingView.h"; sourceTree = "<group>"; };
		D22812101E7BC5D800C42E2E /* {{args.Prefix}}WebLoadingView.m */ = {isa = PBXFileReference; fileEncoding = 4; lastKnownFileType = sourcecode.c.objc; name = "{{args.Prefix}}WebLoadingView.m"; path = "WebView/{{args.Prefix}}WebLoadingView.m"; sourceTree = "<group>"; };
		D22812111E7BC5D800C42E2E /* {{args.Prefix}}WebViewController.h */ = {isa = PBXFileReference; fileEncoding = 4; lastKnownFileType = sourcecode.c.h; name = "{{args.Prefix}}WebViewController.h"; path = "WebView/{{args.Prefix}}WebViewController.h"; sourceTree = "<group>"; };
		D22812121E7BC5D800C42E2E /* {{args.Prefix}}WebViewController.m */ = {isa = PBXFileReference; fileEncoding = 4; lastKnownFileType = sourcecode.c.objc; name = "{{args.Prefix}}WebViewController.m"; path = "WebView/{{args.Prefix}}WebViewController.m"; sourceTree = "<group>"; };
		D22812151E7BD5A900C42E2E /* {{args.Prefix}}ActivityIndicator.h */ = {isa = PBXFileReference; fileEncoding = 4; lastKnownFileType = sourcecode.c.h; path = "{{args.Prefix}}ActivityIndicator.h"; sourceTree = "<group>"; };
		D22812161E7BD5A900C42E2E /* {{args.Prefix}}ActivityIndicator.m */ = {isa = PBXFileReference; fileEncoding = 4; lastKnownFileType = sourcecode.c.objc; path = "{{args.Prefix}}ActivityIndicator.m"; sourceTree = "<group>"; };
		D2B6D14B1E4AF1FF00D5583A /* CopyMockFiles.sh */ = {isa = PBXFileReference; fileEncoding = 4; lastKnownFileType = text.script.sh; path = CopyMockFiles.sh; sourceTree = "<group>"; };
		D2B6D1551E4B052500D5583A /* {{args.Prefix}}Demo.json */ = {isa = PBXFileReference; fileEncoding = 4; lastKnownFileType = text.json; path = "{{args.Prefix}}Demo.json"; sourceTree = "<group>"; };
		D2B6D1581E4B069B00D5583A /* {{args.Prefix}}DemoModel.h */ = {isa = PBXFileReference; fileEncoding = 4; lastKnownFileType = sourcecode.c.h; path = "{{args.Prefix}}DemoModel.h"; sourceTree = "<group>"; };
		D2B6D1591E4B069B00D5583A /* {{args.Prefix}}DemoModel.m */ = {isa = PBXFileReference; fileEncoding = 4; lastKnownFileType = sourcecode.c.objc; path = "{{args.Prefix}}DemoModel.m"; sourceTree = "<group>"; };
		D2B6D15A1E4B069B00D5583A /* {{args.Prefix}}DemoRequest.h */ = {isa = PBXFileReference; fileEncoding = 4; lastKnownFileType = sourcecode.c.h; path = "{{args.Prefix}}DemoRequest.h"; sourceTree = "<group>"; };
		D2B6D15B1E4B069B00D5583A /* {{args.Prefix}}DemoRequest.m */ = {isa = PBXFileReference; fileEncoding = 4; lastKnownFileType = sourcecode.c.objc; path = "{{args.Prefix}}DemoRequest.m"; sourceTree = "<group>"; };
/* End PBXFileReference section */

/* Begin PBXFrameworksBuildPhase section */
		BF401EAB1DF5462C00CE31E0 /* Frameworks */ = {
			isa = PBXFrameworksBuildPhase;
			buildActionMask = 2147483647;
			files = (
			);
			runOnlyForDeploymentPostprocessing = 0;
		};
/* End PBXFrameworksBuildPhase section */

/* Begin PBXGroup section */
		BF3A15BC1DFF8A9200CDFD73 /* Models */ = {
			isa = PBXGroup;
			children = (
				BFD79F311E1B790B00084544 /* {{args.Prefix}}PagingListCellModel.h */,
				BFD79F321E1B790B00084544 /* {{args.Prefix}}PagingListCellModel.m */,
			);
			path = Models;
			sourceTree = "<group>";
		};
		BF3A15BD1DFF8A9200CDFD73 /* Requests */ = {
			isa = PBXGroup;
			children = (
			);
			path = Requests;
			sourceTree = "<group>";
		};
		BF401EA51DF5462C00CE31E0 = {
			isa = PBXGroup;
			children = (
				BF401EB01DF5462C00CE31E0 /* {{args.ProductName}} */,
				BF401EAF1DF5462C00CE31E0 /* Products */,
			);
			sourceTree = "<group>";
		};
		BF401EAF1DF5462C00CE31E0 /* Products */ = {
			isa = PBXGroup;
			children = (
				BF401EAE1DF5462C00CE31E0 /* {{args.ProductName}}.app */,
			);
			name = Products;
			sourceTree = "<group>";
		};
		BF401EB01DF5462C00CE31E0 /* {{args.ProductName}} */ = {
			isa = PBXGroup;
			children = (
				BF401EC81DF5493400CE31E0 /* AppDelegate */,
				BF401EC91DF5493400CE31E0 /* CommonView */,
				BF401ECD1DF5493400CE31E0 /* Utils */,
				BF401ECE1DF5493400CE31E0 /* Values */,
				BF401ECA1DF5493400CE31E0 /* Modules */,
				BF401ECB1DF5493400CE31E0 /* Network */,
				BF401EBD1DF5462C00CE31E0 /* Assets.xcassets */,
				BF401EC21DF5462C00CE31E0 /* Info.plist */,
				BF401EB11DF5462C00CE31E0 /* Supporting Files */,
			);
			path = "{{args.ProductName}}";
			sourceTree = "<group>";
		};
		BF401EB11DF5462C00CE31E0 /* Supporting Files */ = {
			isa = PBXGroup;
			children = (
				BF401EB21DF5462C00CE31E0 /* main.m */,
				BF401EE01DF55FDD00CE31E0 /* PrefixHeader.pch */,
			);
			name = "Supporting Files";
			sourceTree = "<group>";
		};
		BF401EC81DF5493400CE31E0 /* AppDelegate */ = {
			isa = PBXGroup;
			children = (
				BF401ECF1DF5494A00CE31E0 /* AppDelegate.h */,
				BF401ED01DF5494A00CE31E0 /* AppDelegate.m */,
				BF3A15C11DFF9DDC00CDFD73 /* AppDelegate+Notifications.h */,
				BF3A15C21DFF9DDC00CDFD73 /* AppDelegate+Notifications.m */,
			);
			path = AppDelegate;
			sourceTree = "<group>";
		};
		BF401EC91DF5493400CE31E0 /* CommonView */ = {
			isa = PBXGroup;
			children = (
				D22812151E7BD5A900C42E2E /* {{args.Prefix}}ActivityIndicator.h */,
				D22812161E7BD5A900C42E2E /* {{args.Prefix}}ActivityIndicator.m */,
				BF82CA661DF909BE0016C818 /* {{args.Prefix}}CommonStyleViews.h */,
				BF82CA671DF909BE0016C818 /* {{args.Prefix}}CommonStyleViews.m */,
				BF82CA631DF901CA0016C818 /* {{args.Prefix}}LoadingEmptyView.h */,
				BF82CA641DF901CA0016C818 /* {{args.Prefix}}LoadingEmptyView.m */,
				BF82CA691DF93DE70016C818 /* {{args.Prefix}}LoadingErrorView.h */,
				BF82CA6A1DF93DE70016C818 /* {{args.Prefix}}LoadingErrorView.m */,
				BF82CA6C1DF95F980016C818 /* {{args.Prefix}}LoadingView.h */,
				BF82CA6D1DF95F980016C818 /* {{args.Prefix}}LoadingView.m */,
				BF82CA6F1DF9692E0016C818 /* {{args.Prefix}}NoMoreDataFooterView.h */,
				BF82CA701DF9692E0016C818 /* {{args.Prefix}}NoMoreDataFooterView.m */,
				BF82CA7C1DFA4A520016C818 /* {{args.Prefix}}LoadmoreView.h */,
				BF82CA7D1DFA4A520016C818 /* {{args.Prefix}}LoadmoreView.m */,
				BF82CA7F1DFA50E50016C818 /* {{args.Prefix}}RefreshView.h */,
				BF82CA801DFA50E50016C818 /* {{args.Prefix}}RefreshView.m */,
				BF82CA821DFA5B7F0016C818 /* {{args.Prefix}}TableViewGapCell.h */,
				BF82CA831DFA5B7F0016C818 /* {{args.Prefix}}TableViewGapCell.m */,
			);
			path = CommonView;
			sourceTree = "<group>";
		};
		BF401ECA1DF5493400CE31E0 /* Modules */ = {
			isa = PBXGroup;
			children = (
				D228120E1E7BC57D00C42E2E /* WebView */,
				BFE9ECCA1E00E39E00DD6CED /* PagingList */,
				BF55B09E1E4965C4008C7490 /* Mine */,
				BF401ED31DF54A2500CE31E0 /* Login */,
				BF401ED21DF549BF00CE31E0 /* Main */,
			);
			path = Modules;
			sourceTree = "<group>";
		};
		BF401ECB1DF5493400CE31E0 /* Network */ = {
			isa = PBXGroup;
			children = (
				D2B6D1571E4B069B00D5583A /* demo */,
				D2B6D14A1E4AF1FF00D5583A /* Mock */,
				BF3A15BC1DFF8A9200CDFD73 /* Models */,
				BF3A15BD1DFF8A9200CDFD73 /* Requests */,
				BF82CA851DFA65EA0016C818 /* {{args.Prefix}}NetworkStatusModel.h */,
				BF82CA861DFA65EA0016C818 /* {{args.Prefix}}NetworkStatusModel.m */,
				BF82CA881DFA8F0B0016C818 /* {{args.Prefix}}NetworkConfig.h */,
				BF82CA891DFA8F0B0016C818 /* {{args.Prefix}}NetworkConfig.m */,
				BF82CA8B1DFAA7700016C818 /* RKMappingResult+{{args.Prefix}}NetworkResultMapping.h */,
				BF82CA8C1DFAA7700016C818 /* RKMappingResult+{{args.Prefix}}NetworkResultMapping.m */,
				BFE9ECE41E011CC300DD6CED /* NSObject+{{args.Prefix}}BaseRequest.h */,
				BFE9ECE51E011CC300DD6CED /* NSObject+{{args.Prefix}}BaseRequest.m */,
			);
			path = Network;
			sourceTree = "<group>";
		};
		BF401ECD1DF5493400CE31E0 /* Utils */ = {
			isa = PBXGroup;
			children = (
				BF401ED41DF54AF900CE31E0 /* {{args.Prefix}}GlobalEnums.h */,
				BF401ED71DF54E1A00CE31E0 /* {{args.Prefix}}BaseViewController+{{args.Prefix}}CustomNavigationBar.h */,
				BF401ED81DF54E1A00CE31E0 /* {{args.Prefix}}BaseViewController+{{args.Prefix}}CustomNavigationBar.m */,
				BF401EE11DF65DC800CE31E0 /* {{args.Prefix}}NotificationCenter.h */,
				BF401EE21DF65DC800CE31E0 /* {{args.Prefix}}NotificationCenter.m */,
				BF401EE41DF6650200CE31E0 /* {{args.Prefix}}Macros.h */,
				BF401EE51DF6683600CE31E0 /* UIView+{{args.Prefix}}Line.h */,
				BF401EE61DF6683600CE31E0 /* UIView+{{args.Prefix}}Line.m */,
				BF401EE81DF6B6A000CE31E0 /* UIView+{{args.Prefix}}Toast.h */,
				BF401EE91DF6B6A000CE31E0 /* UIView+{{args.Prefix}}Toast.m */,
				BF401EEB1DF6B8B300CE31E0 /* {{args.Prefix}}AppConfigurations.h */,
				BF401EEC1DF6B8B300CE31E0 /* {{args.Prefix}}AppConfigurations.m */,
				BF9087BE1DF7F2F0000F0D26 /* {{args.Prefix}}KeyboardSequence.h */,
				BF9087BF1DF7F2F0000F0D26 /* {{args.Prefix}}KeyboardSequence.m */,
				BF82CA8E1DFAB7F30016C818 /* UIView+{{args.Prefix}}Loading.h */,
				BF82CA8F1DFAB7F30016C818 /* UIView+{{args.Prefix}}Loading.m */,
			);
			path = Utils;
			sourceTree = "<group>";
		};
		BF401ECE1DF5493400CE31E0 /* Values */ = {
			isa = PBXGroup;
			children = (
				BF401EDA1DF5534100CE31E0 /* {{args.Prefix}}CommonColors.h */,
				BF401EDB1DF5534100CE31E0 /* {{args.Prefix}}CommonColors.m */,
				BF401EDD1DF5585D00CE31E0 /* {{args.Prefix}}CommonSizes.h */,
				BF401EDE1DF5585D00CE31E0 /* {{args.Prefix}}CommonSizes.m */,
			);
			path = Values;
			sourceTree = "<group>";
		};
		BF401ED21DF549BF00CE31E0 /* Main */ = {
			isa = PBXGroup;
			children = (
				BF82CA911DFE5DBD0016C818 /* {{args.Prefix}}BaseViewController.h */,
				BF82CA921DFE5DBD0016C818 /* {{args.Prefix}}BaseViewController.m */,
				BF82CA941DFE7E820016C818 /* {{args.Prefix}}TabBarItem.h */,
				BF82CA951DFE7E820016C818 /* {{args.Prefix}}TabBarItem.m */,
				BF3A15AF1DFEAA1F00CDFD73 /* {{args.Prefix}}TabBarController.h */,
				BF3A15B01DFEAA1F00CDFD73 /* {{args.Prefix}}TabBarController.m */,
				BF3A15B91DFECE9C00CDFD73 /* {{args.Prefix}}SplashScreenController.h */,
				BF3A15BA1DFECE9C00CDFD73 /* {{args.Prefix}}SplashScreenController.m */,
			);
			path = Main;
			sourceTree = "<group>";
		};
		BF401ED31DF54A2500CE31E0 /* Login */ = {
			isa = PBXGroup;
			children = (
				BF3A15BE1DFF961800CDFD73 /* {{args.Prefix}}UserDataManager.h */,
				BF3A15BF1DFF961800CDFD73 /* {{args.Prefix}}UserDataManager.m */,
				BF61F2271E02B57B00B6978B /* {{args.Prefix}}LoginInputView.h */,
				BF61F2281E02B57B00B6978B /* {{args.Prefix}}LoginInputView.m */,
				BF7B463E1E02D8F000C054F7 /* {{args.Prefix}}LoginController.h */,
				BF7B463F1E02D8F000C054F7 /* {{args.Prefix}}LoginController.m */,
				BF7B46411E02DA7B00C054F7 /* {{args.Prefix}}ForgetPasswordController.h */,
				BF7B46421E02DA7B00C054F7 /* {{args.Prefix}}ForgetPasswordController.m */,
				BF7B46441E02DB0C00C054F7 /* {{args.Prefix}}RegisterController.h */,
				BF7B46451E02DB0C00C054F7 /* {{args.Prefix}}RegisterController.m */,
			);
			path = Login;
			sourceTree = "<group>";
		};
		BF55B09E1E4965C4008C7490 /* Mine */ = {
			isa = PBXGroup;
			children = (
				BF55B09F1E4965C4008C7490 /* Setting */,
				BF55B0AC1E4965C4008C7490 /* {{args.Prefix}}MineCellDescribeData.h */,
				BF55B0AD1E4965C4008C7490 /* {{args.Prefix}}MineCellDescribeData.m */,
				BF55B0AE1E4965C4008C7490 /* {{args.Prefix}}MineController.h */,
				BF55B0AF1E4965C4008C7490 /* {{args.Prefix}}MineController.m */,
				BF55B0B01E4965C4008C7490 /* {{args.Prefix}}MineHeaderInfoCell.h */,
				BF55B0B11E4965C4008C7490 /* {{args.Prefix}}MineHeaderInfoCell.m */,
				BF55B0B21E4965C4008C7490 /* {{args.Prefix}}MineOperationCell.h */,
				BF55B0B31E4965C4008C7490 /* {{args.Prefix}}MineOperationCell.m */,
			);
			path = Mine;
			sourceTree = "<group>";
		};
		BF55B09F1E4965C4008C7490 /* Setting */ = {
			isa = PBXGroup;
			children = (
				BF55B0A01E4965C4008C7490 /* {{args.Prefix}}MineSettingCellDescribeData.h */,
				BF55B0A11E4965C4008C7490 /* {{args.Prefix}}MineSettingCellDescribeData.m */,
				BF55B0A21E4965C4008C7490 /* {{args.Prefix}}MineSettingCommonCell.h */,
				BF55B0A31E4965C4008C7490 /* {{args.Prefix}}MineSettingCommonCell.m */,
				BF55B0A41E4965C4008C7490 /* {{args.Prefix}}MineSettingController.h */,
				BF55B0A51E4965C4008C7490 /* {{args.Prefix}}MineSettingController.m */,
				BF55B0A61E4965C4008C7490 /* {{args.Prefix}}MineSettingFeedbackController.h */,
				BF55B0A71E4965C4008C7490 /* {{args.Prefix}}MineSettingFeedbackController.m */,
				BF55B0A81E4965C4008C7490 /* {{args.Prefix}}MineSettingLogoutCell.h */,
				BF55B0A91E4965C4008C7490 /* {{args.Prefix}}MineSettingLogoutCell.m */,
				BF55B0AA1E4965C4008C7490 /* {{args.Prefix}}MineSettingSwitchCell.h */,
				BF55B0AB1E4965C4008C7490 /* {{args.Prefix}}MineSettingSwitchCell.m */,
			);
			path = Setting;
			sourceTree = "<group>";
		};
		BFE9ECCA1E00E39E00DD6CED /* PagingList */ = {
			isa = PBXGroup;
			children = (
				BFE9ECCB1E00E39E00DD6CED /* {{args.Prefix}}PagingListCell.h */,
				BFE9ECCC1E00E39E00DD6CED /* {{args.Prefix}}PagingListCell.m */,
				BFE9ECCD1E00E39E00DD6CED /* {{args.Prefix}}PagingListController.h */,
				BFE9ECCE1E00E39E00DD6CED /* {{args.Prefix}}PagingListController.m */,
			);
			path = PagingList;
			sourceTree = "<group>";
		};
		D228120E1E7BC57D00C42E2E /* WebView */ = {
			isa = PBXGroup;
			children = (
				D228120F1E7BC5D800C42E2E /* {{args.Prefix}}WebLoadingView.h */,
				D22812101E7BC5D800C42E2E /* {{args.Prefix}}WebLoadingView.m */,
				D22812111E7BC5D800C42E2E /* {{args.Prefix}}WebViewController.h */,
				D22812121E7BC5D800C42E2E /* {{args.Prefix}}WebViewController.m */,
			);
			name = WebView;
			sourceTree = "<group>";
		};
		D2B6D14A1E4AF1FF00D5583A /* Mock */ = {
			isa = PBXGroup;
			children = (
				D2B6D14B1E4AF1FF00D5583A /* CopyMockFiles.sh */,
				D2B6D1551E4B052500D5583A /* {{args.Prefix}}Demo.json */,
			);
			path = Mock;
			sourceTree = "<group>";
		};
		D2B6D1571E4B069B00D5583A /* demo */ = {
			isa = PBXGroup;
			children = (
				D2B6D1581E4B069B00D5583A /* {{args.Prefix}}DemoModel.h */,
				D2B6D1591E4B069B00D5583A /* {{args.Prefix}}DemoModel.m */,
				D2B6D15A1E4B069B00D5583A /* {{args.Prefix}}DemoRequest.h */,
				D2B6D15B1E4B069B00D5583A /* {{args.Prefix}}DemoRequest.m */,
			);
			path = demo;
			sourceTree = "<group>";
		};
/* End PBXGroup section */

/* Begin PBXNativeTarget section */
		BF401EAD1DF5462C00CE31E0 /* {{args.ProductName}} */ = {
			isa = PBXNativeTarget;
			buildConfigurationList = BF401EC51DF5462C00CE31E0 /* Build configuration list for PBXNativeTarget "{{args.ProductName}}" */;
			buildPhases = (
				BF401EAA1DF5462C00CE31E0 /* Sources */,
				BF401EAB1DF5462C00CE31E0 /* Frameworks */,
				BF401EAC1DF5462C00CE31E0 /* Resources */,
				D2B6D1481E49D14B00D5583A /* Copy Mock Files */,
			);
			buildRules = (
			);
			dependencies = (
			);
			name = "{{args.ProductName}}";
			productName = "{{args.ProductName}}";
			productReference = BF401EAE1DF5462C00CE31E0 /* {{args.ProductName}}.app */;
			productType = "com.apple.product-type.application";
		};
/* End PBXNativeTarget section */

/* Begin PBXProject section */
		BF401EA61DF5462C00CE31E0 /* Project object */ = {
			isa = PBXProject;
			attributes = {
				LastUpgradeCheck = 0820;
				ORGANIZATIONNAME = Netease;
				TargetAttributes = {
					BF401EAD1DF5462C00CE31E0 = {
						CreatedOnToolsVersion = 8.1;
						ProvisioningStyle = Automatic;
					};
				};
			};
			buildConfigurationList = BF401EA91DF5462C00CE31E0 /* Build configuration list for PBXProject "{{args.ProductName}}" */;
			compatibilityVersion = "Xcode 3.2";
			developmentRegion = English;
			hasScannedForEncodings = 0;
			knownRegions = (
				en,
				Base,
			);
			mainGroup = BF401EA51DF5462C00CE31E0;
			productRefGroup = BF401EAF1DF5462C00CE31E0 /* Products */;
			projectDirPath = "";
			projectRoot = "";
			targets = (
				BF401EAD1DF5462C00CE31E0 /* {{args.ProductName}} */,
			);
		};
/* End PBXProject section */

/* Begin PBXResourcesBuildPhase section */
		BF401EAC1DF5462C00CE31E0 /* Resources */ = {
			isa = PBXResourcesBuildPhase;
			buildActionMask = 2147483647;
			files = (
				D2B6D1561E4B052500D5583A /* {{args.Prefix}}Demo.json in Resources */,
				BF401EBE1DF5462C00CE31E0 /* Assets.xcassets in Resources */,
				D2B6D14C1E4AF1FF00D5583A /* CopyMockFiles.sh in Resources */,
			);
			runOnlyForDeploymentPostprocessing = 0;
		};
/* End PBXResourcesBuildPhase section */

/* Begin PBXShellScriptBuildPhase section */
		D2B6D1481E49D14B00D5583A /* Copy Mock Files */ = {
			isa = PBXShellScriptBuildPhase;
			buildActionMask = 2147483647;
			files = (
			);
			inputPaths = (
			);
			name = "Copy Mock Files";
			outputPaths = (
			);
			runOnlyForDeploymentPostprocessing = 0;
			shellPath = /bin/sh;
			shellScript = "\"${SRCROOT}/{{args.ProductName}}/Network/Mock/CopyMockFiles.sh\"";
		};
/* End PBXShellScriptBuildPhase section */

/* Begin PBXSourcesBuildPhase section */
		BF401EAA1DF5462C00CE31E0 /* Sources */ = {
			isa = PBXSourcesBuildPhase;
			buildActionMask = 2147483647;
			files = (
				BF401EEA1DF6B6A000CE31E0 /* UIView+{{args.Prefix}}Toast.m in Sources */,
				D2B6D15C1E4B069B00D5583A /* {{args.Prefix}}DemoModel.m in Sources */,
				D22812171E7BD5A900C42E2E /* {{args.Prefix}}ActivityIndicator.m in Sources */,
				BF82CA961DFE7E820016C818 /* {{args.Prefix}}TabBarItem.m in Sources */,
				BF55B0BA1E4965C4008C7490 /* {{args.Prefix}}MineCellDescribeData.m in Sources */,
				BF7B46401E02D8F000C054F7 /* {{args.Prefix}}LoginController.m in Sources */,
				BF3A15BB1DFECE9C00CDFD73 /* {{args.Prefix}}SplashScreenController.m in Sources */,
				BFE9ECD31E00E39E00DD6CED /* {{args.Prefix}}PagingListController.m in Sources */,
				BFE9ECD21E00E39E00DD6CED /* {{args.Prefix}}PagingListCell.m in Sources */,
				BF55B0B41E4965C4008C7490 /* {{args.Prefix}}MineSettingCellDescribeData.m in Sources */,
				BF55B0B91E4965C4008C7490 /* {{args.Prefix}}MineSettingSwitchCell.m in Sources */,
				BF82CA8A1DFA8F0B0016C818 /* {{args.Prefix}}NetworkConfig.m in Sources */,
				BF401EB31DF5462C00CE31E0 /* main.m in Sources */,
				BF55B0BC1E4965C4008C7490 /* {{args.Prefix}}MineHeaderInfoCell.m in Sources */,
				BF3A15C31DFF9DDC00CDFD73 /* AppDelegate+Notifications.m in Sources */,
				BF55B0BB1E4965C4008C7490 /* {{args.Prefix}}MineController.m in Sources */,
				BF55B0BD1E4965C4008C7490 /* {{args.Prefix}}MineOperationCell.m in Sources */,
				BF9087C01DF7F2F0000F0D26 /* {{args.Prefix}}KeyboardSequence.m in Sources */,
				BF3A15B11DFEAA1F00CDFD73 /* {{args.Prefix}}TabBarController.m in Sources */,
				BF82CA651DF901CA0016C818 /* {{args.Prefix}}LoadingEmptyView.m in Sources */,
				BF401ED91DF54E1A00CE31E0 /* {{args.Prefix}}BaseViewController+{{args.Prefix}}CustomNavigationBar.m in Sources */,
				D22812131E7BC5D800C42E2E /* {{args.Prefix}}WebLoadingView.m in Sources */,
				BF82CA6E1DF95F980016C818 /* {{args.Prefix}}LoadingView.m in Sources */,
				BF82CA871DFA65EA0016C818 /* {{args.Prefix}}NetworkStatusModel.m in Sources */,
				D2B6D15D1E4B069B00D5583A /* {{args.Prefix}}DemoRequest.m in Sources */,
				BF401EDF1DF5585D00CE31E0 /* {{args.Prefix}}CommonSizes.m in Sources */,
				BF82CA841DFA5B7F0016C818 /* {{args.Prefix}}TableViewGapCell.m in Sources */,
				BF82CA811DFA50E50016C818 /* {{args.Prefix}}RefreshView.m in Sources */,
				BF82CA8D1DFAA7700016C818 /* RKMappingResult+{{args.Prefix}}NetworkResultMapping.m in Sources */,
				BF82CA931DFE5DBD0016C818 /* {{args.Prefix}}BaseViewController.m in Sources */,
				BF401EE71DF6683600CE31E0 /* UIView+{{args.Prefix}}Line.m in Sources */,
				BF401EE31DF65DC800CE31E0 /* {{args.Prefix}}NotificationCenter.m in Sources */,
				BF55B0B81E4965C4008C7490 /* {{args.Prefix}}MineSettingLogoutCell.m in Sources */,
				BF55B0B61E4965C4008C7490 /* {{args.Prefix}}MineSettingController.m in Sources */,
				BF7B46431E02DA7B00C054F7 /* {{args.Prefix}}ForgetPasswordController.m in Sources */,
				BFE9ECE61E011CC300DD6CED /* NSObject+{{args.Prefix}}BaseRequest.m in Sources */,
				BF55B0B71E4965C4008C7490 /* {{args.Prefix}}MineSettingFeedbackController.m in Sources */,
				BF3A15C01DFF961800CDFD73 /* {{args.Prefix}}UserDataManager.m in Sources */,
				BF82CA7E1DFA4A520016C818 /* {{args.Prefix}}LoadmoreView.m in Sources */,
				BFD79F331E1B790B00084544 /* {{args.Prefix}}PagingListCellModel.m in Sources */,
				BF7B46461E02DB0C00C054F7 /* {{args.Prefix}}RegisterController.m in Sources */,
				BF401EDC1DF5534100CE31E0 /* {{args.Prefix}}CommonColors.m in Sources */,
				BF401EED1DF6B8B300CE31E0 /* {{args.Prefix}}AppConfigurations.m in Sources */,
				BF82CA901DFAB7F30016C818 /* UIView+{{args.Prefix}}Loading.m in Sources */,
				BF82CA681DF909BE0016C818 /* {{args.Prefix}}CommonStyleViews.m in Sources */,
				BF82CA711DF9692E0016C818 /* {{args.Prefix}}NoMoreDataFooterView.m in Sources */,
				D22812141E7BC5D800C42E2E /* {{args.Prefix}}WebViewController.m in Sources */,
				BF82CA6B1DF93DE70016C818 /* {{args.Prefix}}LoadingErrorView.m in Sources */,
				BF401ED11DF5494A00CE31E0 /* AppDelegate.m in Sources */,
				BF55B0B51E4965C4008C7490 /* {{args.Prefix}}MineSettingCommonCell.m in Sources */,
				BF61F2291E02B57B00B6978B /* {{args.Prefix}}LoginInputView.m in Sources */,
			);
			runOnlyForDeploymentPostprocessing = 0;
		};
/* End PBXSourcesBuildPhase section */

/* Begin XCBuildConfiguration section */
		BF401EC31DF5462C00CE31E0 /* Debug */ = {
			isa = XCBuildConfiguration;
			buildSettings = {
				ALWAYS_SEARCH_USER_PATHS = NO;
				CLANG_ANALYZER_NONNULL = YES;
				CLANG_CXX_LANGUAGE_STANDARD = "gnu++0x";
				CLANG_CXX_LIBRARY = "libc++";
				CLANG_ENABLE_MODULES = YES;
				CLANG_ENABLE_OBJC_ARC = YES;
				CLANG_WARN_BOOL_CONVERSION = YES;
				CLANG_WARN_CONSTANT_CONVERSION = YES;
				CLANG_WARN_DIRECT_OBJC_ISA_USAGE = YES_ERROR;
				CLANG_WARN_DOCUMENTATION_COMMENTS = YES;
				CLANG_WARN_EMPTY_BODY = YES;
				CLANG_WARN_ENUM_CONVERSION = YES;
				CLANG_WARN_INFINITE_RECURSION = YES;
				CLANG_WARN_INT_CONVERSION = YES;
				CLANG_WARN_OBJC_ROOT_CLASS = YES_ERROR;
				CLANG_WARN_SUSPICIOUS_MOVE = YES;
				CLANG_WARN_SUSPICIOUS_MOVES = YES;
				CLANG_WARN_UNREACHABLE_CODE = YES;
				CLANG_WARN__DUPLICATE_METHOD_MATCH = YES;
				"CODE_SIGN_IDENTITY[sdk=iphoneos*]" = "iPhone Developer";
				COPY_PHASE_STRIP = NO;
				DEBUG_INFORMATION_FORMAT = dwarf;
				ENABLE_STRICT_OBJC_MSGSEND = YES;
				ENABLE_TESTABILITY = YES;
				GCC_C_LANGUAGE_STANDARD = gnu99;
				GCC_DYNAMIC_NO_PIC = NO;
				GCC_NO_COMMON_BLOCKS = YES;
				GCC_OPTIMIZATION_LEVEL = 0;
				GCC_PREPROCESSOR_DEFINITIONS = (
					"DEBUG=1",
					"$(inherited)",
				);
				GCC_WARN_64_TO_32_BIT_CONVERSION = YES;
				GCC_WARN_ABOUT_RETURN_TYPE = YES_ERROR;
				GCC_WARN_UNDECLARED_SELECTOR = YES;
				GCC_WARN_UNINITIALIZED_AUTOS = YES_AGGRESSIVE;
				GCC_WARN_UNUSED_FUNCTION = YES;
				GCC_WARN_UNUSED_VARIABLE = YES;
				IPHONEOS_DEPLOYMENT_TARGET = 10.1;
				MTL_ENABLE_DEBUG_INFO = YES;
				ONLY_ACTIVE_ARCH = YES;
				SDKROOT = iphoneos;
			};
			name = Debug;
		};
		BF401EC41DF5462C00CE31E0 /* Release */ = {
			isa = XCBuildConfiguration;
			buildSettings = {
				ALWAYS_SEARCH_USER_PATHS = NO;
				CLANG_ANALYZER_NONNULL = YES;
				CLANG_CXX_LANGUAGE_STANDARD = "gnu++0x";
				CLANG_CXX_LIBRARY = "libc++";
				CLANG_ENABLE_MODULES = YES;
				CLANG_ENABLE_OBJC_ARC = YES;
				CLANG_WARN_BOOL_CONVERSION = YES;
				CLANG_WARN_CONSTANT_CONVERSION = YES;
				CLANG_WARN_DIRECT_OBJC_ISA_USAGE = YES_ERROR;
				CLANG_WARN_DOCUMENTATION_COMMENTS = YES;
				CLANG_WARN_EMPTY_BODY = YES;
				CLANG_WARN_ENUM_CONVERSION = YES;
				CLANG_WARN_INFINITE_RECURSION = YES;
				CLANG_WARN_INT_CONVERSION = YES;
				CLANG_WARN_OBJC_ROOT_CLASS = YES_ERROR;
				CLANG_WARN_SUSPICIOUS_MOVE = YES;
				CLANG_WARN_SUSPICIOUS_MOVES = YES;
				CLANG_WARN_UNREACHABLE_CODE = YES;
				CLANG_WARN__DUPLICATE_METHOD_MATCH = YES;
				"CODE_SIGN_IDENTITY[sdk=iphoneos*]" = "iPhone Developer";
				COPY_PHASE_STRIP = NO;
				DEBUG_INFORMATION_FORMAT = "dwarf-with-dsym";
				ENABLE_NS_ASSERTIONS = NO;
				ENABLE_STRICT_OBJC_MSGSEND = YES;
				GCC_C_LANGUAGE_STANDARD = gnu99;
				GCC_NO_COMMON_BLOCKS = YES;
				GCC_WARN_64_TO_32_BIT_CONVERSION = YES;
				GCC_WARN_ABOUT_RETURN_TYPE = YES_ERROR;
				GCC_WARN_UNDECLARED_SELECTOR = YES;
				GCC_WARN_UNINITIALIZED_AUTOS = YES_AGGRESSIVE;
				GCC_WARN_UNUSED_FUNCTION = YES;
				GCC_WARN_UNUSED_VARIABLE = YES;
				IPHONEOS_DEPLOYMENT_TARGET = 10.1;
				MTL_ENABLE_DEBUG_INFO = NO;
				SDKROOT = iphoneos;
				VALIDATE_PRODUCT = YES;
			};
			name = Release;
		};
		BF401EC61DF5462C00CE31E0 /* Debug */ = {
			isa = XCBuildConfiguration;
			buildSettings = {
				ASSETCATALOG_COMPILER_APPICON_NAME = AppIcon;
				CLANG_ADDRESS_SANITIZER_CONTAINER_OVERFLOW = NO;
				"CODE_SIGN_IDENTITY[sdk=iphoneos*]" = "iPhone Developer";
				DEVELOPMENT_TEAM = "";
				GCC_PREFIX_HEADER = "{{args.ProductName}}/PrefixHeader.pch";
				INFOPLIST_FILE = "{{args.ProductName}}/Info.plist";
				IPHONEOS_DEPLOYMENT_TARGET = 8.0;
				LD_RUNPATH_SEARCH_PATHS = "$(inherited) @executable_path/Frameworks";
				PRODUCT_BUNDLE_IDENTIFIER = "com.netease.{{args.ProductName}}";
				PRODUCT_NAME = "$(TARGET_NAME)";
			};
			name = Debug;
		};
		BF401EC71DF5462C00CE31E0 /* Release */ = {
			isa = XCBuildConfiguration;
			buildSettings = {
				ASSETCATALOG_COMPILER_APPICON_NAME = AppIcon;
				"CODE_SIGN_IDENTITY[sdk=iphoneos*]" = "iPhone Developer";
				DEVELOPMENT_TEAM = "";
				GCC_PREFIX_HEADER = "{{args.ProductName}}/PrefixHeader.pch";
				INFOPLIST_FILE = "{{args.ProductName}}/Info.plist";
				IPHONEOS_DEPLOYMENT_TARGET = 8.0;
				LD_RUNPATH_SEARCH_PATHS = "$(inherited) @executable_path/Frameworks";
				PRODUCT_BUNDLE_IDENTIFIER = "com.netease.{{args.ProductName}}";
				PRODUCT_NAME = "$(TARGET_NAME)";
			};
			name = Release;
		};
/* End XCBuildConfiguration section */

/* Begin XCConfigurationList section */
		BF401EA91DF5462C00CE31E0 /* Build configuration list for PBXProject "{{args.ProductName}}" */ = {
			isa = XCConfigurationList;
			buildConfigurations = (
				BF401EC31DF5462C00CE31E0 /* Debug */,
				BF401EC41DF5462C00CE31E0 /* Release */,
			);
			defaultConfigurationIsVisible = 0;
			defaultConfigurationName = Release;
		};
		BF401EC51DF5462C00CE31E0 /* Build configuration list for PBXNativeTarget "{{args.ProductName}}" */ = {
			isa = XCConfigurationList;
			buildConfigurations = (
				BF401EC61DF5462C00CE31E0 /* Debug */,
				BF401EC71DF5462C00CE31E0 /* Release */,
			);
			defaultConfigurationIsVisible = 0;
			defaultConfigurationName = Release;
		};
/* End XCConfigurationList section */
	};
	rootObject = BF401EA61DF5462C00CE31E0 /* Project object */;
}
